
Microsoft Visual Studio Solution File, Format Version 12.00
# Visual Studio 15
VisualStudioVersion = 15.0.28307.852
MinimumVisualStudioVersion = 10.0.40219.1
Project("{FAE04EC0-301F-11D3-BF4B-00C04F79EFBC}") = "CasparLauncher", "CasparLauncher.csproj", "{9748052B-5D17-4542-974C-F4D60EBA5507}"
EndProject
Global
	GlobalSection(SolutionConfigurationPlatforms) = preSolution
		Debug|Any CPU = Debug|Any CPU
		Debug|x64 = Debug|x64
		Release|Any CPU = Release|Any CPU
		Release|x64 = Release|x64
	EndGlobalSection
	GlobalSection(ProjectConfigurationPlatforms) = postSolution
		{9748052B-5D17-4542-974C-F4D60EBA5507}.Debug|Any CPU.ActiveCfg = Debug|Any CPU
		{9748052B-5D17-4542-974C-F4D60EBA5507}.Debug|Any CPU.Build.0 = Debug|Any CPU
		{9748052B-5D17-4542-974C-F4D60EBA5507}.Debug|x64.ActiveCfg = Debug|x64
		{9748052B-5D17-4542-974C-F4D60EBA5507}.Debug|x64.Build.0 = Debug|x64
		{9748052B-5D17-4542-974C-F4D60EBA5507}.Release|Any CPU.ActiveCfg = Release|Any CPU
		{9748052B-5D17-4542-974C-F4D60EBA5507}.Release|Any CPU.Build.0 = Release|Any CPU
		{9748052B-5D17-4542-974C-F4D60EBA5507}.Release|x64.ActiveCfg = Release|x64
		{9748052B-5D17-4542-974C-F4D60EBA5507}.Release|x64.Build.0 = Release|x64
	EndGlobalSection
	GlobalSection(SolutionProperties) = preSolution
		HideSolutionNode = FALSE
	EndGlobalSection
	GlobalSection(ExtensibilityGlobals) = postSolution
		SolutionGuid = {A8BDD365-2E7E-44E1-94F8-90CDCC186E2C}
	EndGlobalSection
EndGlobal
